<?xml version="1.0" encoding="utf-8"?>
<Project ToolsVersion="4.0" xmlns="http://schemas.microsoft.com/developer/msbuild/2003">
  <ItemGroup>
    <ClCompile Include="BaseObject.cpp">
      <Filter>소스파일</Filter>
    </ClCompile>
    <ClCompile Include="Core.cpp">
      <Filter>소스파일</Filter>
    </ClCompile>
    <ClCompile Include="DX11App.cpp">
      <Filter>소스파일</Filter>
    </ClCompile>
    <ClCompile Include="Shader.cpp">
      <Filter>소스파일</Filter>
    </ClCompile>
    <ClCompile Include="ShaderMgr.cpp">
      <Filter>소스파일</Filter>
    </ClCompile>
    <ClCompile Include="SoundMgr.cpp">
      <Filter>소스파일</Filter>
    </ClCompile>
    <ClCompile Include="Texture.cpp">
      <Filter>소스파일</Filter>
    </ClCompile>
    <ClCompile Include="TimeMgr.cpp">
      <Filter>소스파일</Filter>
    </ClCompile>
    <ClCompile Include="Vector.cpp">
      <Filter>소스파일</Filter>
    </ClCompile>
    <ClCompile Include="Window.cpp">
      <Filter>소스파일</Filter>
    </ClCompile>
    <ClCompile Include="WriteMgr.cpp">
      <Filter>소스파일</Filter>
    </ClCompile>
    <ClCompile Include="UI.cpp">
      <Filter>소스파일</Filter>
    </ClCompile>
  </ItemGroup>
  <ItemGroup>
    <ClInclude Include="pch.h" />
    <ClInclude Include="BaseObject.h">
      <Filter>헤더파일</Filter>
    </ClInclude>
    <ClInclude Include="Core.h">
      <Filter>헤더파일</Filter>
    </ClInclude>
    <ClInclude Include="DX11App.h">
      <Filter>헤더파일</Filter>
    </ClInclude>
    <ClInclude Include="Shader.h">
      <Filter>헤더파일</Filter>
    </ClInclude>
    <ClInclude Include="ShaderMgr.h">
      <Filter>헤더파일</Filter>
    </ClInclude>
    <ClInclude Include="SoundMgr.h">
      <Filter>헤더파일</Filter>
    </ClInclude>
    <ClInclude Include="Texture.h">
      <Filter>헤더파일</Filter>
    </ClInclude>
    <ClInclude Include="TimeMgr.h">
      <Filter>헤더파일</Filter>
    </ClInclude>
    <ClInclude Include="Vector.h">
      <Filter>헤더파일</Filter>
    </ClInclude>
    <ClInclude Include="Window.h">
      <Filter>헤더파일</Filter>
    </ClInclude>
    <ClInclude Include="WriteMgr.h">
      <Filter>헤더파일</Filter>
    </ClInclude>
    <ClInclude Include="UI.h">
      <Filter>헤더파일</Filter>
    </ClInclude>
  </ItemGroup>
  <ItemGroup>
    <Text Include="BasicShader.txt" />
  </ItemGroup>
  <ItemGroup>
    <Filter Include="헤더파일">
      <UniqueIdentifier>{383228d3-152b-4103-aa1b-d110a0a9f3ab}</UniqueIdentifier>
    </Filter>
    <Filter Include="소스파일">
      <UniqueIdentifier>{50ece826-586b-42bd-8a39-e96496f69e24}</UniqueIdentifier>
    </Filter>
  </ItemGroup>
  <ItemGroup>
    <None Include="ClassDiagram.cd" />
  </ItemGroup>
</Project>